# This file is autogenerated, do not edit; changes may be undone by the next 'dep ensure'.


[[projects]]
  branch = "master"
  name = "github.com/comail/colog"
  packages = ["."]
  revision = "fba8e7b1f46c3607f09760ce3880066e7ff57c5a"

[[projects]]
  branch = "master"
  name = "github.com/ddspog/mspec"
  packages = [".","assert","bdd","colors"]
  revision = "278d82c842e9f0041d459ea471d6f7d57238b785"

[[projects]]
  branch = "master"
  name = "github.com/globalsign/mgo"
  packages = [".","bson","internal/json","internal/sasl","internal/scram"]
  revision = "f76e4f9da92ecd56e3be26f5ba92580af1ef97b4"

[[projects]]
  name = "github.com/golang/mock"
  packages = ["gomock"]
  revision = "c34cdb4725f4c3844d095133c6e40e448b86589b"
  version = "v1.1.1"

[[projects]]
  branch = "master"
  name = "golang.org/x/net"
  packages = ["context"]
  revision = "61147c48b25b599e5b561d2e9c4f3e1ef489ca41"

[solve-meta]
  analyzer-name = "dep"
  analyzer-version = 1
  inputs-digest = "2184129eb9003c8e641338a9fa300ee0d39a4ae478ea1ecfa572c2cf69a0cecf"
  solver-name = "gps-cdcl"
  solver-version = 1
