# This file is autogenerated, do not edit; changes may be undone by the next 'dep ensure'.

[[projects]]
  name = "github.com/golang/mock"
  packages = ["gomock"]
  revision = "13f360950a79f5864a972c786a10a50e44b69541"
  version = "v1.0.0"

[[projects]]
  branch = "v1"
  name = "gopkg.in/ddspog/mspec.v1"
  packages = ["bdd"]
  revision = "ff28bb3936a65c6f4e652ac212eb2ac5bde48ec2"

[[projects]]
  branch = "v2"
  name = "gopkg.in/mgo.v2"
  packages = [".","bson","internal/json","internal/sasl","internal/scram"]
  revision = "3f83fa5005286a7fe593b055f0d7771a7dce4655"

[solve-meta]
  analyzer-name = "dep"
  analyzer-version = 1
  inputs-digest = "926a25c9a46f3d97096ce4052a854627dcb912342ed8f787d6dc3588b94ce998"
  solver-name = "gps-cdcl"
  solver-version = 1
